// !$*UTF8*$!
{
	archiveVersion = 1;
	classes = {
	};
	objectVersion = 56;
	objects = {

/* Begin PBXBuildFile section */
		BD169E262C5BF7A2008A967C /* crocheting.swift in Sources */ = {isa = PBXBuildFile; fileRef = BD169E252C5BF7A2008A967C /* crocheting.swift */; };
		BD17F11C2C5BD64000129240 /* baking.swift in Sources */ = {isa = PBXBuildFile; fileRef = BD17F11B2C5BD64000129240 /* baking.swift */; };
		BD17F11E2C5BE0DF00129240 /* SkillView.swift in Sources */ = {isa = PBXBuildFile; fileRef = BD17F11D2C5BE0DF00129240 /* SkillView.swift */; };
		BD22FE8D2C5BE282006E6A4C /* bgvideo.mp4 in Resources */ = {isa = PBXBuildFile; fileRef = BD22FE8C2C5BE282006E6A4C /* bgvideo.mp4 */; };
		BD7A16152C59520900DB3D50 /* skilledSearchApp.swift in Sources */ = {isa = PBXBuildFile; fileRef = BD7A16142C59520900DB3D50 /* skilledSearchApp.swift */; };
		BD7A16172C59520900DB3D50 /* ContentView.swift in Sources */ = {isa = PBXBuildFile; fileRef = BD7A16162C59520900DB3D50 /* ContentView.swift */; };
		BD7A16192C59520B00DB3D50 /* Assets.xcassets in Resources */ = {isa = PBXBuildFile; fileRef = BD7A16182C59520B00DB3D50 /* Assets.xcassets */; };
		BD7A161C2C59520B00DB3D50 /* Preview Assets.xcassets in Resources */ = {isa = PBXBuildFile; fileRef = BD7A161B2C59520B00DB3D50 /* Preview Assets.xcassets */; };
		BD7A16232C59591B00DB3D50 /* guitar.swift in Sources */ = {isa = PBXBuildFile; fileRef = BD7A16222C59591B00DB3D50 /* guitar.swift */; };
		BD7A16292C5961EB00DB3D50 /* Skrapbook.ttf in Resources */ = {isa = PBXBuildFile; fileRef = BD7A16282C5961EB00DB3D50 /* Skrapbook.ttf */; };
		BD7A16302C5A85EF00DB3D50 /* search.swift in Sources */ = {isa = PBXBuildFile; fileRef = BD7A162F2C5A85EF00DB3D50 /* search.swift */; };
		BD7A16342C5BD15100DB3D50 /* SkillScroll.swift in Sources */ = {isa = PBXBuildFile; fileRef = BD7A16332C5BD15100DB3D50 /* SkillScroll.swift */; };
/* End PBXBuildFile section */

/* Begin PBXFileReference section */
		BD169E252C5BF7A2008A967C /* crocheting.swift */ = {isa = PBXFileReference; lastKnownFileType = sourcecode.swift; path = crocheting.swift; sourceTree = "<group>"; };
		BD17F11B2C5BD64000129240 /* baking.swift */ = {isa = PBXFileReference; lastKnownFileType = sourcecode.swift; path = baking.swift; sourceTree = "<group>"; };
		BD17F11D2C5BE0DF00129240 /* SkillView.swift */ = {isa = PBXFileReference; fileEncoding = 4; lastKnownFileType = sourcecode.swift; path = SkillView.swift; sourceTree = "<group>"; };
		BD22FE8C2C5BE282006E6A4C /* bgvideo.mp4 */ = {isa = PBXFileReference; lastKnownFileType = file; path = bgvideo.mp4; sourceTree = "<group>"; };
		BD7A16112C59520900DB3D50 /* skilledSearch.app */ = {isa = PBXFileReference; explicitFileType = wrapper.application; includeInIndex = 0; path = skilledSearch.app; sourceTree = BUILT_PRODUCTS_DIR; };
		BD7A16142C59520900DB3D50 /* skilledSearchApp.swift */ = {isa = PBXFileReference; lastKnownFileType = sourcecode.swift; path = skilledSearchApp.swift; sourceTree = "<group>"; };
		BD7A16162C59520900DB3D50 /* ContentView.swift */ = {isa = PBXFileReference; lastKnownFileType = sourcecode.swift; path = ContentView.swift; sourceTree = "<group>"; };
		BD7A16182C59520B00DB3D50 /* Assets.xcassets */ = {isa = PBXFileReference; lastKnownFileType = folder.assetcatalog; path = Assets.xcassets; sourceTree = "<group>"; };
		BD7A161B2C59520B00DB3D50 /* Preview Assets.xcassets */ = {isa = PBXFileReference; lastKnownFileType = folder.assetcatalog; path = "Preview Assets.xcassets"; sourceTree = "<group>"; };
		BD7A16222C59591B00DB3D50 /* guitar.swift */ = {isa = PBXFileReference; lastKnownFileType = sourcecode.swift; path = guitar.swift; sourceTree = "<group>"; };
		BD7A16282C5961EB00DB3D50 /* Skrapbook.ttf */ = {isa = PBXFileReference; lastKnownFileType = file; name = Skrapbook.ttf; path = ../../../Downloads/Skrapbook.ttf; sourceTree = "<group>"; };
		BD7A162A2C5A816400DB3D50 /* Info.plist */ = {isa = PBXFileReference; lastKnownFileType = text.plist; path = Info.plist; sourceTree = "<group>"; };
		BD7A162F2C5A85EF00DB3D50 /* search.swift */ = {isa = PBXFileReference; lastKnownFileType = sourcecode.swift; path = search.swift; sourceTree = "<group>"; };
		BD7A16332C5BD15100DB3D50 /* SkillScroll.swift */ = {isa = PBXFileReference; fileEncoding = 4; lastKnownFileType = sourcecode.swift; path = SkillScroll.swift; sourceTree = "<group>"; };
/* End PBXFileReference section */

/* Begin PBXFrameworksBuildPhase section */
		BD7A160E2C59520900DB3D50 /* Frameworks */ = {
			isa = PBXFrameworksBuildPhase;
			buildActionMask = 2147483647;
			files = (
			);
			runOnlyForDeploymentPostprocessing = 0;
		};
/* End PBXFrameworksBuildPhase section */

/* Begin PBXGroup section */
		BD7A16082C59520900DB3D50 = {
			isa = PBXGroup;
			children = (
				BD7A16132C59520900DB3D50 /* skilledSearch */,
				BD7A16122C59520900DB3D50 /* Products */,
			);
			sourceTree = "<group>";
		};
		BD7A16122C59520900DB3D50 /* Products */ = {
			isa = PBXGroup;
			children = (
				BD7A16112C59520900DB3D50 /* skilledSearch.app */,
			);
			name = Products;
			sourceTree = "<group>";
		};
		BD7A16132C59520900DB3D50 /* skilledSearch */ = {
			isa = PBXGroup;
			children = (
				BD7A162A2C5A816400DB3D50 /* Info.plist */,
				BD22FE8C2C5BE282006E6A4C /* bgvideo.mp4 */,
				BD7A16142C59520900DB3D50 /* skilledSearchApp.swift */,
				BD7A16162C59520900DB3D50 /* ContentView.swift */,
				BD7A16332C5BD15100DB3D50 /* SkillScroll.swift */,
				BD17F11D2C5BE0DF00129240 /* SkillView.swift */,
				BD7A162F2C5A85EF00DB3D50 /* search.swift */,
				BD169E252C5BF7A2008A967C /* crocheting.swift */,
				BD17F11B2C5BD64000129240 /* baking.swift */,
				BD7A16222C59591B00DB3D50 /* guitar.swift */,
				BD7A16182C59520B00DB3D50 /* Assets.xcassets */,
				BD7A16282C5961EB00DB3D50 /* Skrapbook.ttf */,
				BD7A161A2C59520B00DB3D50 /* Preview Content */,
			);
			path = skilledSearch;
			sourceTree = "<group>";
		};
		BD7A161A2C59520B00DB3D50 /* Preview Content */ = {
			isa = PBXGroup;
			children = (
				BD7A161B2C59520B00DB3D50 /* Preview Assets.xcassets */,
			);
			path = "Preview Content";
			sourceTree = "<group>";
		};
/* End PBXGroup section */

/* Begin PBXNativeTarget section */
		BD7A16102C59520900DB3D50 /* skilledSearch */ = {
			isa = PBXNativeTarget;
			buildConfigurationList = BD7A161F2C59520B00DB3D50 /* Build configuration list for PBXNativeTarget "skilledSearch" */;
			buildPhases = (
				BD7A160D2C59520900DB3D50 /* Sources */,
				BD7A160E2C59520900DB3D50 /* Frameworks */,
				BD7A160F2C59520900DB3D50 /* Resources */,
			);
			buildRules = (
			);
			dependencies = (
			);
			name = skilledSearch;
			productName = skilledSearch;
			productReference = BD7A16112C59520900DB3D50 /* skilledSearch.app */;
			productType = "com.apple.product-type.application";
		};
/* End PBXNativeTarget section */

/* Begin PBXProject section */
		BD7A16092C59520900DB3D50 /* Project object */ = {
			isa = PBXProject;
			attributes = {
				BuildIndependentTargetsInParallel = 1;
				LastSwiftUpdateCheck = 1540;
				LastUpgradeCheck = 1540;
				TargetAttributes = {
					BD7A16102C59520900DB3D50 = {
						CreatedOnToolsVersion = 15.4;
					};
				};
			};
			buildConfigurationList = BD7A160C2C59520900DB3D50 /* Build configuration list for PBXProject "skilledSearch" */;
			compatibilityVersion = "Xcode 14.0";
			developmentRegion = en;
			hasScannedForEncodings = 0;
			knownRegions = (
				en,
				Base,
			);
			mainGroup = BD7A16082C59520900DB3D50;
			productRefGroup = BD7A16122C59520900DB3D50 /* Products */;
			projectDirPath = "";
			projectRoot = "";
			targets = (
				BD7A16102C59520900DB3D50 /* skilledSearch */,
			);
		};
/* End PBXProject section */

/* Begin PBXResourcesBuildPhase section */
		BD7A160F2C59520900DB3D50 /* Resources */ = {
			isa = PBXResourcesBuildPhase;
			buildActionMask = 2147483647;
			files = (
				BD7A16292C5961EB00DB3D50 /* Skrapbook.ttf in Resources */,
				BD7A161C2C59520B00DB3D50 /* Preview Assets.xcassets in Resources */,
				BD22FE8D2C5BE282006E6A4C /* bgvideo.mp4 in Resources */,
				BD7A16192C59520B00DB3D50 /* Assets.xcassets in Resources */,
			);
			runOnlyForDeploymentPostprocessing = 0;
		};
/* End PBXResourcesBuildPhase section */

/* Begin PBXSourcesBuildPhase section */
		BD7A160D2C59520900DB3D50 /* Sources */ = {
			isa = PBXSourcesBuildPhase;
			buildActionMask = 2147483647;
			files = (
				BD7A16342C5BD15100DB3D50 /* SkillScroll.swift in Sources */,
				BD7A16172C59520900DB3D50 /* ContentView.swift in Sources */,
				BD17F11C2C5BD64000129240 /* baking.swift in Sources */,
				BD7A16232C59591B00DB3D50 /* guitar.swift in Sources */,
				BD17F11E2C5BE0DF00129240 /* SkillView.swift in Sources */,
				BD7A16152C59520900DB3D50 /* skilledSearchApp.swift in Sources */,
				BD7A16302C5A85EF00DB3D50 /* search.swift in Sources */,
				BD169E262C5BF7A2008A967C /* crocheting.swift in Sources */,
			);
			runOnlyForDeploymentPostprocessing = 0;
		};
/* End PBXSourcesBuildPhase section */

/* Begin XCBuildConfiguration section */
		BD7A161D2C59520B00DB3D50 /* Debug */ = {
			isa = XCBuildConfiguration;
			buildSettings = {
				ALWAYS_SEARCH_USER_PATHS = NO;
				ASSETCATALOG_COMPILER_GENERATE_SWIFT_ASSET_SYMBOL_EXTENSIONS = YES;
				CLANG_ANALYZER_NONNULL = YES;
				CLANG_ANALYZER_NUMBER_OBJECT_CONVERSION = YES_AGGRESSIVE;
				CLANG_CXX_LANGUAGE_STANDARD = "gnu++20";
				CLANG_ENABLE_MODULES = YES;
				CLANG_ENABLE_OBJC_ARC = YES;
				CLANG_ENABLE_OBJC_WEAK = YES;
				CLANG_WARN_BLOCK_CAPTURE_AUTORELEASING = YES;
				CLANG_WARN_BOOL_CONVERSION = YES;
				CLANG_WARN_COMMA = YES;
				CLANG_WARN_CONSTANT_CONVERSION = YES;
				CLANG_WARN_DEPRECATED_OBJC_IMPLEMENTATIONS = YES;
				CLANG_WARN_DIRECT_OBJC_ISA_USAGE = YES_ERROR;
				CLANG_WARN_DOCUMENTATION_COMMENTS = YES;
				CLANG_WARN_EMPTY_BODY = YES;
				CLANG_WARN_ENUM_CONVERSION = YES;
				CLANG_WARN_INFINITE_RECURSION = YES;
				CLANG_WARN_INT_CONVERSION = YES;
				CLANG_WARN_NON_LITERAL_NULL_CONVERSION = YES;
				CLANG_WARN_OBJC_IMPLICIT_RETAIN_SELF = YES;
				CLANG_WARN_OBJC_LITERAL_CONVERSION = YES;
				CLANG_WARN_OBJC_ROOT_CLASS = YES_ERROR;
				CLANG_WARN_QUOTED_INCLUDE_IN_FRAMEWORK_HEADER = YES;
				CLANG_WARN_RANGE_LOOP_ANALYSIS = YES;
				CLANG_WARN_STRICT_PROTOTYPES = YES;
				CLANG_WARN_SUSPICIOUS_MOVE = YES;
				CLANG_WARN_UNGUARDED_AVAILABILITY = YES_AGGRESSIVE;
				CLANG_WARN_UNREACHABLE_CODE = YES;
				CLANG_WARN__DUPLICATE_METHOD_MATCH = YES;
				COPY_PHASE_STRIP = NO;
				DEBUG_INFORMATION_FORMAT = dwarf;
				ENABLE_STRICT_OBJC_MSGSEND = YES;
				ENABLE_TESTABILITY = YES;
				ENABLE_USER_SCRIPT_SANDBOXING = YES;
				GCC_C_LANGUAGE_STANDARD = gnu17;
				GCC_DYNAMIC_NO_PIC = NO;
				GCC_NO_COMMON_BLOCKS = YES;
				GCC_OPTIMIZATION_LEVEL = 0;
				GCC_PREPROCESSOR_DEFINITIONS = (
					"DEBUG=1",
					"$(inherited)",
				);
				GCC_WARN_64_TO_32_BIT_CONVERSION = YES;
				GCC_WARN_ABOUT_RETURN_TYPE = YES_ERROR;
				GCC_WARN_UNDECLARED_SELECTOR = YES;
				GCC_WARN_UNINITIALIZED_AUTOS = YES_AGGRESSIVE;
				GCC_WARN_UNUSED_FUNCTION = YES;
				GCC_WARN_UNUSED_VARIABLE = YES;
				IPHONEOS_DEPLOYMENT_TARGET = 17.5;
				LOCALIZATION_PREFERS_STRING_CATALOGS = YES;
				MTL_ENABLE_DEBUG_INFO = INCLUDE_SOURCE;
				MTL_FAST_MATH = YES;
				ONLY_ACTIVE_ARCH = YES;
				SDKROOT = iphoneos;
				SWIFT_ACTIVE_COMPILATION_CONDITIONS = "DEBUG $(inherited)";
				SWIFT_OPTIMIZATION_LEVEL = "-Onone";
			};
			name = Debug;
		};
		BD7A161E2C59520B00DB3D50 /* Release */ = {
			isa = XCBuildConfiguration;
			buildSettings = {
				ALWAYS_SEARCH_USER_PATHS = NO;
				ASSETCATALOG_COMPILER_GENERATE_SWIFT_ASSET_SYMBOL_EXTENSIONS = YES;
				CLANG_ANALYZER_NONNULL = YES;
				CLANG_ANALYZER_NUMBER_OBJECT_CONVERSION = YES_AGGRESSIVE;
				CLANG_CXX_LANGUAGE_STANDARD = "gnu++20";
				CLANG_ENABLE_MODULES = YES;
				CLANG_ENABLE_OBJC_ARC = YES;
				CLANG_ENABLE_OBJC_WEAK = YES;
				CLANG_WARN_BLOCK_CAPTURE_AUTORELEASING = YES;
				CLANG_WARN_BOOL_CONVERSION = YES;
				CLANG_WARN_COMMA = YES;
				CLANG_WARN_CONSTANT_CONVERSION = YES;
				CLANG_WARN_DEPRECATED_OBJC_IMPLEMENTATIONS = YES;
				CLANG_WARN_DIRECT_OBJC_ISA_USAGE = YES_ERROR;
				CLANG_WARN_DOCUMENTATION_COMMENTS = YES;
				CLANG_WARN_EMPTY_BODY = YES;
				CLANG_WARN_ENUM_CONVERSION = YES;
				CLANG_WARN_INFINITE_RECURSION = YES;
				CLANG_WARN_INT_CONVERSION = YES;
				CLANG_WARN_NON_LITERAL_NULL_CONVERSION = YES;
				CLANG_WARN_OBJC_IMPLICIT_RETAIN_SELF = YES;
				CLANG_WARN_OBJC_LITERAL_CONVERSION = YES;
				CLANG_WARN_OBJC_ROOT_CLASS = YES_ERROR;
				CLANG_WARN_QUOTED_INCLUDE_IN_FRAMEWORK_HEADER = YES;
				CLANG_WARN_RANGE_LOOP_ANALYSIS = YES;
				CLANG_WARN_STRICT_PROTOTYPES = YES;
				CLANG_WARN_SUSPICIOUS_MOVE = YES;
				CLANG_WARN_UNGUARDED_AVAILABILITY = YES_AGGRESSIVE;
				CLANG_WARN_UNREACHABLE_CODE = YES;
				CLANG_WARN__DUPLICATE_METHOD_MATCH = YES;
				COPY_PHASE_STRIP = NO;
				DEBUG_INFORMATION_FORMAT = "dwarf-with-dsym";
				ENABLE_NS_ASSERTIONS = NO;
				ENABLE_STRICT_OBJC_MSGSEND = YES;
				ENABLE_USER_SCRIPT_SANDBOXING = YES;
				GCC_C_LANGUAGE_STANDARD = gnu17;
				GCC_NO_COMMON_BLOCKS = YES;
				GCC_WARN_64_TO_32_BIT_CONVERSION = YES;
				GCC_WARN_ABOUT_RETURN_TYPE = YES_ERROR;
				GCC_WARN_UNDECLARED_SELECTOR = YES;
				GCC_WARN_UNINITIALIZED_AUTOS = YES_AGGRESSIVE;
				GCC_WARN_UNUSED_FUNCTION = YES;
				GCC_WARN_UNUSED_VARIABLE = YES;
				IPHONEOS_DEPLOYMENT_TARGET = 17.5;
				LOCALIZATION_PREFERS_STRING_CATALOGS = YES;
				MTL_ENABLE_DEBUG_INFO = NO;
				MTL_FAST_MATH = YES;
				SDKROOT = iphoneos;
				SWIFT_COMPILATION_MODE = wholemodule;
				VALIDATE_PRODUCT = YES;
			};
			name = Release;
		};
		BD7A16202C59520B00DB3D50 /* Debug */ = {
			isa = XCBuildConfiguration;
			buildSettings = {
				ASSETCATALOG_COMPILER_APPICON_NAME = AppIcon;
				ASSETCATALOG_COMPILER_GLOBAL_ACCENT_COLOR_NAME = AccentColor;
				CODE_SIGN_STYLE = Automatic;
				CURRENT_PROJECT_VERSION = 1;
				DEVELOPMENT_ASSET_PATHS = "\"skilledSearch/Preview Content\"";
				ENABLE_PREVIEWS = YES;
				GENERATE_INFOPLIST_FILE = YES;
				INFOPLIST_FILE = skilledSearch/Info.plist;
				INFOPLIST_KEY_UIApplicationSceneManifest_Generation = YES;
				INFOPLIST_KEY_UIApplicationSupportsIndirectInputEvents = YES;
				INFOPLIST_KEY_UILaunchScreen_Generation = YES;
				INFOPLIST_KEY_UISupportedInterfaceOrientations_iPad = "UIInterfaceOrientationPortrait UIInterfaceOrientationPortraitUpsideDown UIInterfaceOrientationLandscapeLeft UIInterfaceOrientationLandscapeRight";
				INFOPLIST_KEY_UISupportedInterfaceOrientations_iPhone = "UIInterfaceOrientationPortrait UIInterfaceOrientationLandscapeLeft UIInterfaceOrientationLandscapeRight";
				LD_RUNPATH_SEARCH_PATHS = (
					"$(inherited)",
					"@executable_path/Frameworks",
				);
				MARKETING_VERSION = 1.0;
				PRODUCT_BUNDLE_IDENTIFIER = kwk.skilledSearch;
				PRODUCT_NAME = "$(TARGET_NAME)";
				SWIFT_EMIT_LOC_STRINGS = YES;
				SWIFT_VERSION = 5.0;
				TARGETED_DEVICE_FAMILY = "1,2";
			};
			name = Debug;
		};
		BD7A16212C59520B00DB3D50 /* Release */ = {
			isa = XCBuildConfiguration;
			buildSettings = {
				ASSETCATALOG_COMPILER_APPICON_NAME = AppIcon;
				ASSETCATALOG_COMPILER_GLOBAL_ACCENT_COLOR_NAME = AccentColor;
				CODE_SIGN_STYLE = Automatic;
				CURRENT_PROJECT_VERSION = 1;
				DEVELOPMENT_ASSET_PATHS = "\"skilledSearch/Preview Content\"";
				ENABLE_PREVIEWS = YES;
				GENERATE_INFOPLIST_FILE = YES;
				INFOPLIST_FILE = skilledSearch/Info.plist;
				INFOPLIST_KEY_UIApplicationSceneManifest_Generation = YES;
				INFOPLIST_KEY_UIApplicationSupportsIndirectInputEvents = YES;
				INFOPLIST_KEY_UILaunchScreen_Generation = YES;
				INFOPLIST_KEY_UISupportedInterfaceOrientations_iPad = "UIInterfaceOrientationPortrait UIInterfaceOrientationPortraitUpsideDown UIInterfaceOrientationLandscapeLeft UIInterfaceOrientationLandscapeRight";
				INFOPLIST_KEY_UISupportedInterfaceOrientations_iPhone = "UIInterfaceOrientationPortrait UIInterfaceOrientationLandscapeLeft UIInterfaceOrientationLandscapeRight";
				LD_RUNPATH_SEARCH_PATHS = (
					"$(inherited)",
					"@executable_path/Frameworks",
				);
				MARKETING_VERSION = 1.0;
				PRODUCT_BUNDLE_IDENTIFIER = kwk.skilledSearch;
				PRODUCT_NAME = "$(TARGET_NAME)";
				SWIFT_EMIT_LOC_STRINGS = YES;
				SWIFT_VERSION = 5.0;
				TARGETED_DEVICE_FAMILY = "1,2";
			};
			name = Release;
		};
/* End XCBuildConfiguration section */

/* Begin XCConfigurationList section */
		BD7A160C2C59520900DB3D50 /* Build configuration list for PBXProject "skilledSearch" */ = {
			isa = XCConfigurationList;
			buildConfigurations = (
				BD7A161D2C59520B00DB3D50 /* Debug */,
				BD7A161E2C59520B00DB3D50 /* Release */,
			);
			defaultConfigurationIsVisible = 0;
			defaultConfigurationName = Release;
		};
		BD7A161F2C59520B00DB3D50 /* Build configuration list for PBXNativeTarget "skilledSearch" */ = {
			isa = XCConfigurationList;
			buildConfigurations = (
				BD7A16202C59520B00DB3D50 /* Debug */,
				BD7A16212C59520B00DB3D50 /* Release */,
			);
			defaultConfigurationIsVisible = 0;
			defaultConfigurationName = Release;
		};
/* End XCConfigurationList section */
	};
	rootObject = BD7A16092C59520900DB3D50 /* Project object */;
}
